// !$*UTF8*$!
{
	archiveVersion = 1;
	classes = {
	};
	objectVersion = 56;
	objects = {

/* Begin PBXBuildFile section */
		380942582AC8D77800495B9A /* SDWebImage in Frameworks */ = {isa = PBXBuildFile; productRef = 380942572AC8D77800495B9A /* SDWebImage */; };
		3809425A2AC8D77800495B9A /* SDWebImageMapKit in Frameworks */ = {isa = PBXBuildFile; productRef = 380942592AC8D77800495B9A /* SDWebImageMapKit */; };
		386B80492AC846E900F53F2E /* APICaller.swift in Sources */ = {isa = PBXBuildFile; fileRef = 386B80482AC846E900F53F2E /* APICaller.swift */; };
		386B804B2AC85A6F00F53F2E /* Title.swift in Sources */ = {isa = PBXBuildFile; fileRef = 386B804A2AC85A6F00F53F2E /* Title.swift */; };
		386B804D2AC865D100F53F2E /* Extensions.swift in Sources */ = {isa = PBXBuildFile; fileRef = 386B804C2AC865D100F53F2E /* Extensions.swift */; };
		386B80512AC8CE0800F53F2E /* TitleCollectionViewCell.swift in Sources */ = {isa = PBXBuildFile; fileRef = 386B80502AC8CE0800F53F2E /* TitleCollectionViewCell.swift */; };
		387E77D62AC9A78E001D1686 /* TitleTableViewCell.swift in Sources */ = {isa = PBXBuildFile; fileRef = 387E77D52AC9A78E001D1686 /* TitleTableViewCell.swift */; };
		387E77D82AC9AD6F001D1686 /* TitleViewModel.swift in Sources */ = {isa = PBXBuildFile; fileRef = 387E77D72AC9AD6F001D1686 /* TitleViewModel.swift */; };
		387E77DA2ACA1C77001D1686 /* SearchResultsViewController.swift in Sources */ = {isa = PBXBuildFile; fileRef = 387E77D92ACA1C77001D1686 /* SearchResultsViewController.swift */; };
		38E1299F2AC6FB6100885D9D /* AppDelegate.swift in Sources */ = {isa = PBXBuildFile; fileRef = 38E1299E2AC6FB6100885D9D /* AppDelegate.swift */; };
		38E129A12AC6FB6100885D9D /* SceneDelegate.swift in Sources */ = {isa = PBXBuildFile; fileRef = 38E129A02AC6FB6100885D9D /* SceneDelegate.swift */; };
		38E129A32AC6FB6100885D9D /* MainTabBarViewController.swift in Sources */ = {isa = PBXBuildFile; fileRef = 38E129A22AC6FB6100885D9D /* MainTabBarViewController.swift */; };
		38E129A82AC6FB6200885D9D /* Assets.xcassets in Resources */ = {isa = PBXBuildFile; fileRef = 38E129A72AC6FB6200885D9D /* Assets.xcassets */; };
		38E129AB2AC6FB6200885D9D /* LaunchScreen.storyboard in Resources */ = {isa = PBXBuildFile; fileRef = 38E129A92AC6FB6200885D9D /* LaunchScreen.storyboard */; };
		38E129B42AC6FE3200885D9D /* HomeViewController.swift in Sources */ = {isa = PBXBuildFile; fileRef = 38E129B32AC6FE3200885D9D /* HomeViewController.swift */; };
		38E129B62AC6FE7C00885D9D /* UpcomingViewController.swift in Sources */ = {isa = PBXBuildFile; fileRef = 38E129B52AC6FE7C00885D9D /* UpcomingViewController.swift */; };
		38E129B82AC6FEB900885D9D /* SearchViewController.swift in Sources */ = {isa = PBXBuildFile; fileRef = 38E129B72AC6FEB900885D9D /* SearchViewController.swift */; };
		38E129BA2AC6FEFD00885D9D /* DownloadsViewController.swift in Sources */ = {isa = PBXBuildFile; fileRef = 38E129B92AC6FEFD00885D9D /* DownloadsViewController.swift */; };
		38E129C12AC70A1F00885D9D /* CollectionViewTableViewCell.swift in Sources */ = {isa = PBXBuildFile; fileRef = 38E129C02AC70A1F00885D9D /* CollectionViewTableViewCell.swift */; };
		38E129C32AC7663700885D9D /* HeroHeaderUIView.swift in Sources */ = {isa = PBXBuildFile; fileRef = 38E129C22AC7663700885D9D /* HeroHeaderUIView.swift */; };
/* End PBXBuildFile section */

/* Begin PBXFileReference section */
		386B80482AC846E900F53F2E /* APICaller.swift */ = {isa = PBXFileReference; lastKnownFileType = sourcecode.swift; path = APICaller.swift; sourceTree = "<group>"; };
		386B804A2AC85A6F00F53F2E /* Title.swift */ = {isa = PBXFileReference; lastKnownFileType = sourcecode.swift; path = Title.swift; sourceTree = "<group>"; };
		386B804C2AC865D100F53F2E /* Extensions.swift */ = {isa = PBXFileReference; lastKnownFileType = sourcecode.swift; path = Extensions.swift; sourceTree = "<group>"; };
		386B80502AC8CE0800F53F2E /* TitleCollectionViewCell.swift */ = {isa = PBXFileReference; lastKnownFileType = sourcecode.swift; path = TitleCollectionViewCell.swift; sourceTree = "<group>"; };
		387E77D52AC9A78E001D1686 /* TitleTableViewCell.swift */ = {isa = PBXFileReference; lastKnownFileType = sourcecode.swift; path = TitleTableViewCell.swift; sourceTree = "<group>"; };
		387E77D72AC9AD6F001D1686 /* TitleViewModel.swift */ = {isa = PBXFileReference; lastKnownFileType = sourcecode.swift; path = TitleViewModel.swift; sourceTree = "<group>"; };
		387E77D92ACA1C77001D1686 /* SearchResultsViewController.swift */ = {isa = PBXFileReference; lastKnownFileType = sourcecode.swift; path = SearchResultsViewController.swift; sourceTree = "<group>"; };
		38E1299B2AC6FB6100885D9D /* Netflix Clone.app */ = {isa = PBXFileReference; explicitFileType = wrapper.application; includeInIndex = 0; path = "Netflix Clone.app"; sourceTree = BUILT_PRODUCTS_DIR; };
		38E1299E2AC6FB6100885D9D /* AppDelegate.swift */ = {isa = PBXFileReference; lastKnownFileType = sourcecode.swift; path = AppDelegate.swift; sourceTree = "<group>"; };
		38E129A02AC6FB6100885D9D /* SceneDelegate.swift */ = {isa = PBXFileReference; lastKnownFileType = sourcecode.swift; path = SceneDelegate.swift; sourceTree = "<group>"; };
		38E129A22AC6FB6100885D9D /* MainTabBarViewController.swift */ = {isa = PBXFileReference; lastKnownFileType = sourcecode.swift; path = MainTabBarViewController.swift; sourceTree = "<group>"; };
		38E129A72AC6FB6200885D9D /* Assets.xcassets */ = {isa = PBXFileReference; lastKnownFileType = folder.assetcatalog; path = Assets.xcassets; sourceTree = "<group>"; };
		38E129AA2AC6FB6200885D9D /* Base */ = {isa = PBXFileReference; lastKnownFileType = file.storyboard; name = Base; path = Base.lproj/LaunchScreen.storyboard; sourceTree = "<group>"; };
		38E129AC2AC6FB6200885D9D /* Info.plist */ = {isa = PBXFileReference; lastKnownFileType = text.plist.xml; path = Info.plist; sourceTree = "<group>"; };
		38E129B32AC6FE3200885D9D /* HomeViewController.swift */ = {isa = PBXFileReference; lastKnownFileType = sourcecode.swift; path = HomeViewController.swift; sourceTree = "<group>"; };
		38E129B52AC6FE7C00885D9D /* UpcomingViewController.swift */ = {isa = PBXFileReference; lastKnownFileType = sourcecode.swift; path = UpcomingViewController.swift; sourceTree = "<group>"; };
		38E129B72AC6FEB900885D9D /* SearchViewController.swift */ = {isa = PBXFileReference; lastKnownFileType = sourcecode.swift; path = SearchViewController.swift; sourceTree = "<group>"; };
		38E129B92AC6FEFD00885D9D /* DownloadsViewController.swift */ = {isa = PBXFileReference; lastKnownFileType = sourcecode.swift; path = DownloadsViewController.swift; sourceTree = "<group>"; };
		38E129C02AC70A1F00885D9D /* CollectionViewTableViewCell.swift */ = {isa = PBXFileReference; lastKnownFileType = sourcecode.swift; path = CollectionViewTableViewCell.swift; sourceTree = "<group>"; };
		38E129C22AC7663700885D9D /* HeroHeaderUIView.swift */ = {isa = PBXFileReference; lastKnownFileType = sourcecode.swift; path = HeroHeaderUIView.swift; sourceTree = "<group>"; };
/* End PBXFileReference section */

/* Begin PBXFrameworksBuildPhase section */
		38E129982AC6FB6100885D9D /* Frameworks */ = {
			isa = PBXFrameworksBuildPhase;
			buildActionMask = 2147483647;
			files = (
				3809425A2AC8D77800495B9A /* SDWebImageMapKit in Frameworks */,
				380942582AC8D77800495B9A /* SDWebImage in Frameworks */,
			);
			runOnlyForDeploymentPostprocessing = 0;
		};
/* End PBXFrameworksBuildPhase section */

/* Begin PBXGroup section */
		387E77DB2ACA20E1001D1686 /* Core */ = {
			isa = PBXGroup;
			children = (
				38E129B32AC6FE3200885D9D /* HomeViewController.swift */,
				38E129B72AC6FEB900885D9D /* SearchViewController.swift */,
				38E129B92AC6FEFD00885D9D /* DownloadsViewController.swift */,
				38E129A22AC6FB6100885D9D /* MainTabBarViewController.swift */,
				38E129B52AC6FE7C00885D9D /* UpcomingViewController.swift */,
			);
			path = Core;
			sourceTree = "<group>";
		};
		387E77DC2ACA213C001D1686 /* General */ = {
			isa = PBXGroup;
			children = (
				387E77D92ACA1C77001D1686 /* SearchResultsViewController.swift */,
			);
			path = General;
			sourceTree = "<group>";
		};
		38E129922AC6FB6100885D9D = {
			isa = PBXGroup;
			children = (
				38E1299D2AC6FB6100885D9D /* Netflix Clone */,
				38E1299C2AC6FB6100885D9D /* Products */,
			);
			sourceTree = "<group>";
		};
		38E1299C2AC6FB6100885D9D /* Products */ = {
			isa = PBXGroup;
			children = (
				38E1299B2AC6FB6100885D9D /* Netflix Clone.app */,
			);
			name = Products;
			sourceTree = "<group>";
		};
		38E1299D2AC6FB6100885D9D /* Netflix Clone */ = {
			isa = PBXGroup;
			children = (
				38E129BF2AC709AE00885D9D /* Managers */,
				38E129BE2AC7099800885D9D /* Resources */,
				38E129BD2AC7093D00885D9D /* Models */,
				38E129BB2AC708FC00885D9D /* Views */,
				38E129BC2AC7091B00885D9D /* ViewModels */,
				38E129B22AC6FDED00885D9D /* Controllers */,
				38E1299E2AC6FB6100885D9D /* AppDelegate.swift */,
				38E129A02AC6FB6100885D9D /* SceneDelegate.swift */,
				38E129A72AC6FB6200885D9D /* Assets.xcassets */,
				38E129A92AC6FB6200885D9D /* LaunchScreen.storyboard */,
				38E129AC2AC6FB6200885D9D /* Info.plist */,
			);
			path = "Netflix Clone";
			sourceTree = "<group>";
		};
		38E129B22AC6FDED00885D9D /* Controllers */ = {
			isa = PBXGroup;
			children = (
				387E77DC2ACA213C001D1686 /* General */,
				387E77DB2ACA20E1001D1686 /* Core */,
			);
			path = Controllers;
			sourceTree = "<group>";
		};
		38E129BB2AC708FC00885D9D /* Views */ = {
			isa = PBXGroup;
			children = (
				38E129C02AC70A1F00885D9D /* CollectionViewTableViewCell.swift */,
				38E129C22AC7663700885D9D /* HeroHeaderUIView.swift */,
				386B80502AC8CE0800F53F2E /* TitleCollectionViewCell.swift */,
				387E77D52AC9A78E001D1686 /* TitleTableViewCell.swift */,
			);
			path = Views;
			sourceTree = "<group>";
		};
		38E129BC2AC7091B00885D9D /* ViewModels */ = {
			isa = PBXGroup;
			children = (
				387E77D72AC9AD6F001D1686 /* TitleViewModel.swift */,
			);
			path = ViewModels;
			sourceTree = "<group>";
		};
		38E129BD2AC7093D00885D9D /* Models */ = {
			isa = PBXGroup;
			children = (
				386B804A2AC85A6F00F53F2E /* Title.swift */,
			);
			path = Models;
			sourceTree = "<group>";
		};
		38E129BE2AC7099800885D9D /* Resources */ = {
			isa = PBXGroup;
			children = (
				386B804C2AC865D100F53F2E /* Extensions.swift */,
			);
			path = Resources;
			sourceTree = "<group>";
		};
		38E129BF2AC709AE00885D9D /* Managers */ = {
			isa = PBXGroup;
			children = (
				386B80482AC846E900F53F2E /* APICaller.swift */,
			);
			path = Managers;
			sourceTree = "<group>";
		};
/* End PBXGroup section */

/* Begin PBXNativeTarget section */
		38E1299A2AC6FB6100885D9D /* Netflix Clone */ = {
			isa = PBXNativeTarget;
			buildConfigurationList = 38E129AF2AC6FB6200885D9D /* Build configuration list for PBXNativeTarget "Netflix Clone" */;
			buildPhases = (
				38E129972AC6FB6100885D9D /* Sources */,
				38E129982AC6FB6100885D9D /* Frameworks */,
				38E129992AC6FB6100885D9D /* Resources */,
			);
			buildRules = (
			);
			dependencies = (
			);
			name = "Netflix Clone";
			packageProductDependencies = (
				380942572AC8D77800495B9A /* SDWebImage */,
				380942592AC8D77800495B9A /* SDWebImageMapKit */,
			);
			productName = "Netflix Clone";
			productReference = 38E1299B2AC6FB6100885D9D /* Netflix Clone.app */;
			productType = "com.apple.product-type.application";
		};
/* End PBXNativeTarget section */

/* Begin PBXProject section */
		38E129932AC6FB6100885D9D /* Project object */ = {
			isa = PBXProject;
			attributes = {
				BuildIndependentTargetsInParallel = 1;
				LastSwiftUpdateCheck = 1430;
				LastUpgradeCheck = 1430;
				TargetAttributes = {
					38E1299A2AC6FB6100885D9D = {
						CreatedOnToolsVersion = 14.3.1;
					};
				};
			};
			buildConfigurationList = 38E129962AC6FB6100885D9D /* Build configuration list for PBXProject "Netflix Clone" */;
			compatibilityVersion = "Xcode 14.0";
			developmentRegion = en;
			hasScannedForEncodings = 0;
			knownRegions = (
				en,
				Base,
			);
			mainGroup = 38E129922AC6FB6100885D9D;
			packageReferences = (
				380942562AC8D77800495B9A /* XCRemoteSwiftPackageReference "SDWebImage" */,
			);
			productRefGroup = 38E1299C2AC6FB6100885D9D /* Products */;
			projectDirPath = "";
			projectRoot = "";
			targets = (
				38E1299A2AC6FB6100885D9D /* Netflix Clone */,
			);
		};
/* End PBXProject section */

/* Begin PBXResourcesBuildPhase section */
		38E129992AC6FB6100885D9D /* Resources */ = {
			isa = PBXResourcesBuildPhase;
			buildActionMask = 2147483647;
			files = (
				38E129AB2AC6FB6200885D9D /* LaunchScreen.storyboard in Resources */,
				38E129A82AC6FB6200885D9D /* Assets.xcassets in Resources */,
			);
			runOnlyForDeploymentPostprocessing = 0;
		};
/* End PBXResourcesBuildPhase section */

/* Begin PBXSourcesBuildPhase section */
		38E129972AC6FB6100885D9D /* Sources */ = {
			isa = PBXSourcesBuildPhase;
			buildActionMask = 2147483647;
			files = (
				387E77D62AC9A78E001D1686 /* TitleTableViewCell.swift in Sources */,
				38E129B82AC6FEB900885D9D /* SearchViewController.swift in Sources */,
				386B80512AC8CE0800F53F2E /* TitleCollectionViewCell.swift in Sources */,
				38E129A32AC6FB6100885D9D /* MainTabBarViewController.swift in Sources */,
				38E129C12AC70A1F00885D9D /* CollectionViewTableViewCell.swift in Sources */,
				386B80492AC846E900F53F2E /* APICaller.swift in Sources */,
				38E129C32AC7663700885D9D /* HeroHeaderUIView.swift in Sources */,
				38E129BA2AC6FEFD00885D9D /* DownloadsViewController.swift in Sources */,
				38E1299F2AC6FB6100885D9D /* AppDelegate.swift in Sources */,
				387E77DA2ACA1C77001D1686 /* SearchResultsViewController.swift in Sources */,
				386B804D2AC865D100F53F2E /* Extensions.swift in Sources */,
				38E129A12AC6FB6100885D9D /* SceneDelegate.swift in Sources */,
				38E129B62AC6FE7C00885D9D /* UpcomingViewController.swift in Sources */,
				386B804B2AC85A6F00F53F2E /* Title.swift in Sources */,
				38E129B42AC6FE3200885D9D /* HomeViewController.swift in Sources */,
				387E77D82AC9AD6F001D1686 /* TitleViewModel.swift in Sources */,
			);
			runOnlyForDeploymentPostprocessing = 0;
		};
/* End PBXSourcesBuildPhase section */

/* Begin PBXVariantGroup section */
		38E129A92AC6FB6200885D9D /* LaunchScreen.storyboard */ = {
			isa = PBXVariantGroup;
			children = (
				38E129AA2AC6FB6200885D9D /* Base */,
			);
			name = LaunchScreen.storyboard;
			sourceTree = "<group>";
		};
/* End PBXVariantGroup section */

/* Begin XCBuildConfiguration section */
		38E129AD2AC6FB6200885D9D /* Debug */ = {
			isa = XCBuildConfiguration;
			buildSettings = {
				ALWAYS_SEARCH_USER_PATHS = NO;
				CLANG_ANALYZER_NONNULL = YES;
				CLANG_ANALYZER_NUMBER_OBJECT_CONVERSION = YES_AGGRESSIVE;
				CLANG_CXX_LANGUAGE_STANDARD = "gnu++20";
				CLANG_ENABLE_MODULES = YES;
				CLANG_ENABLE_OBJC_ARC = YES;
				CLANG_ENABLE_OBJC_WEAK = YES;
				CLANG_WARN_BLOCK_CAPTURE_AUTORELEASING = YES;
				CLANG_WARN_BOOL_CONVERSION = YES;
				CLANG_WARN_COMMA = YES;
				CLANG_WARN_CONSTANT_CONVERSION = YES;
				CLANG_WARN_DEPRECATED_OBJC_IMPLEMENTATIONS = YES;
				CLANG_WARN_DIRECT_OBJC_ISA_USAGE = YES_ERROR;
				CLANG_WARN_DOCUMENTATION_COMMENTS = YES;
				CLANG_WARN_EMPTY_BODY = YES;
				CLANG_WARN_ENUM_CONVERSION = YES;
				CLANG_WARN_INFINITE_RECURSION = YES;
				CLANG_WARN_INT_CONVERSION = YES;
				CLANG_WARN_NON_LITERAL_NULL_CONVERSION = YES;
				CLANG_WARN_OBJC_IMPLICIT_RETAIN_SELF = YES;
				CLANG_WARN_OBJC_LITERAL_CONVERSION = YES;
				CLANG_WARN_OBJC_ROOT_CLASS = YES_ERROR;
				CLANG_WARN_QUOTED_INCLUDE_IN_FRAMEWORK_HEADER = YES;
				CLANG_WARN_RANGE_LOOP_ANALYSIS = YES;
				CLANG_WARN_STRICT_PROTOTYPES = YES;
				CLANG_WARN_SUSPICIOUS_MOVE = YES;
				CLANG_WARN_UNGUARDED_AVAILABILITY = YES_AGGRESSIVE;
				CLANG_WARN_UNREACHABLE_CODE = YES;
				CLANG_WARN__DUPLICATE_METHOD_MATCH = YES;
				COPY_PHASE_STRIP = NO;
				DEBUG_INFORMATION_FORMAT = dwarf;
				ENABLE_STRICT_OBJC_MSGSEND = YES;
				ENABLE_TESTABILITY = YES;
				GCC_C_LANGUAGE_STANDARD = gnu11;
				GCC_DYNAMIC_NO_PIC = NO;
				GCC_NO_COMMON_BLOCKS = YES;
				GCC_OPTIMIZATION_LEVEL = 0;
				GCC_PREPROCESSOR_DEFINITIONS = (
					"DEBUG=1",
					"$(inherited)",
				);
				GCC_WARN_64_TO_32_BIT_CONVERSION = YES;
				GCC_WARN_ABOUT_RETURN_TYPE = YES_ERROR;
				GCC_WARN_UNDECLARED_SELECTOR = YES;
				GCC_WARN_UNINITIALIZED_AUTOS = YES_AGGRESSIVE;
				GCC_WARN_UNUSED_FUNCTION = YES;
				GCC_WARN_UNUSED_VARIABLE = YES;
				IPHONEOS_DEPLOYMENT_TARGET = 16.4;
				MTL_ENABLE_DEBUG_INFO = INCLUDE_SOURCE;
				MTL_FAST_MATH = YES;
				ONLY_ACTIVE_ARCH = YES;
				SDKROOT = iphoneos;
				SWIFT_ACTIVE_COMPILATION_CONDITIONS = DEBUG;
				SWIFT_OPTIMIZATION_LEVEL = "-Onone";
			};
			name = Debug;
		};
		38E129AE2AC6FB6200885D9D /* Release */ = {
			isa = XCBuildConfiguration;
			buildSettings = {
				ALWAYS_SEARCH_USER_PATHS = NO;
				CLANG_ANALYZER_NONNULL = YES;
				CLANG_ANALYZER_NUMBER_OBJECT_CONVERSION = YES_AGGRESSIVE;
				CLANG_CXX_LANGUAGE_STANDARD = "gnu++20";
				CLANG_ENABLE_MODULES = YES;
				CLANG_ENABLE_OBJC_ARC = YES;
				CLANG_ENABLE_OBJC_WEAK = YES;
				CLANG_WARN_BLOCK_CAPTURE_AUTORELEASING = YES;
				CLANG_WARN_BOOL_CONVERSION = YES;
				CLANG_WARN_COMMA = YES;
				CLANG_WARN_CONSTANT_CONVERSION = YES;
				CLANG_WARN_DEPRECATED_OBJC_IMPLEMENTATIONS = YES;
				CLANG_WARN_DIRECT_OBJC_ISA_USAGE = YES_ERROR;
				CLANG_WARN_DOCUMENTATION_COMMENTS = YES;
				CLANG_WARN_EMPTY_BODY = YES;
				CLANG_WARN_ENUM_CONVERSION = YES;
				CLANG_WARN_INFINITE_RECURSION = YES;
				CLANG_WARN_INT_CONVERSION = YES;
				CLANG_WARN_NON_LITERAL_NULL_CONVERSION = YES;
				CLANG_WARN_OBJC_IMPLICIT_RETAIN_SELF = YES;
				CLANG_WARN_OBJC_LITERAL_CONVERSION = YES;
				CLANG_WARN_OBJC_ROOT_CLASS = YES_ERROR;
				CLANG_WARN_QUOTED_INCLUDE_IN_FRAMEWORK_HEADER = YES;
				CLANG_WARN_RANGE_LOOP_ANALYSIS = YES;
				CLANG_WARN_STRICT_PROTOTYPES = YES;
				CLANG_WARN_SUSPICIOUS_MOVE = YES;
				CLANG_WARN_UNGUARDED_AVAILABILITY = YES_AGGRESSIVE;
				CLANG_WARN_UNREACHABLE_CODE = YES;
				CLANG_WARN__DUPLICATE_METHOD_MATCH = YES;
				COPY_PHASE_STRIP = NO;
				DEBUG_INFORMATION_FORMAT = "dwarf-with-dsym";
				ENABLE_NS_ASSERTIONS = NO;
				ENABLE_STRICT_OBJC_MSGSEND = YES;
				GCC_C_LANGUAGE_STANDARD = gnu11;
				GCC_NO_COMMON_BLOCKS = YES;
				GCC_WARN_64_TO_32_BIT_CONVERSION = YES;
				GCC_WARN_ABOUT_RETURN_TYPE = YES_ERROR;
				GCC_WARN_UNDECLARED_SELECTOR = YES;
				GCC_WARN_UNINITIALIZED_AUTOS = YES_AGGRESSIVE;
				GCC_WARN_UNUSED_FUNCTION = YES;
				GCC_WARN_UNUSED_VARIABLE = YES;
				IPHONEOS_DEPLOYMENT_TARGET = 16.4;
				MTL_ENABLE_DEBUG_INFO = NO;
				MTL_FAST_MATH = YES;
				SDKROOT = iphoneos;
				SWIFT_COMPILATION_MODE = wholemodule;
				SWIFT_OPTIMIZATION_LEVEL = "-O";
				VALIDATE_PRODUCT = YES;
			};
			name = Release;
		};
		38E129B02AC6FB6200885D9D /* Debug */ = {
			isa = XCBuildConfiguration;
			buildSettings = {
				ASSETCATALOG_COMPILER_APPICON_NAME = AppIcon;
				ASSETCATALOG_COMPILER_GLOBAL_ACCENT_COLOR_NAME = AccentColor;
				CODE_SIGN_STYLE = Automatic;
				CURRENT_PROJECT_VERSION = 1;
				GENERATE_INFOPLIST_FILE = YES;
				INFOPLIST_FILE = "Netflix Clone/Info.plist";
				INFOPLIST_KEY_UIApplicationSupportsIndirectInputEvents = YES;
				INFOPLIST_KEY_UILaunchStoryboardName = LaunchScreen;
				INFOPLIST_KEY_UISupportedInterfaceOrientations_iPad = "UIInterfaceOrientationPortrait UIInterfaceOrientationPortraitUpsideDown UIInterfaceOrientationLandscapeLeft UIInterfaceOrientationLandscapeRight";
				INFOPLIST_KEY_UISupportedInterfaceOrientations_iPhone = "UIInterfaceOrientationPortrait UIInterfaceOrientationLandscapeLeft UIInterfaceOrientationLandscapeRight";
				LD_RUNPATH_SEARCH_PATHS = (
					"$(inherited)",
					"@executable_path/Frameworks",
				);
				MARKETING_VERSION = 1.0;
				PRODUCT_BUNDLE_IDENTIFIER = "Vosik.Netflix-Clone";
				PRODUCT_NAME = "$(TARGET_NAME)";
				SWIFT_EMIT_LOC_STRINGS = YES;
				SWIFT_VERSION = 5.0;
				TARGETED_DEVICE_FAMILY = "1,2";
			};
			name = Debug;
		};
		38E129B12AC6FB6200885D9D /* Release */ = {
			isa = XCBuildConfiguration;
			buildSettings = {
				ASSETCATALOG_COMPILER_APPICON_NAME = AppIcon;
				ASSETCATALOG_COMPILER_GLOBAL_ACCENT_COLOR_NAME = AccentColor;
				CODE_SIGN_STYLE = Automatic;
				CURRENT_PROJECT_VERSION = 1;
				GENERATE_INFOPLIST_FILE = YES;
				INFOPLIST_FILE = "Netflix Clone/Info.plist";
				INFOPLIST_KEY_UIApplicationSupportsIndirectInputEvents = YES;
				INFOPLIST_KEY_UILaunchStoryboardName = LaunchScreen;
				INFOPLIST_KEY_UISupportedInterfaceOrientations_iPad = "UIInterfaceOrientationPortrait UIInterfaceOrientationPortraitUpsideDown UIInterfaceOrientationLandscapeLeft UIInterfaceOrientationLandscapeRight";
				INFOPLIST_KEY_UISupportedInterfaceOrientations_iPhone = "UIInterfaceOrientationPortrait UIInterfaceOrientationLandscapeLeft UIInterfaceOrientationLandscapeRight";
				LD_RUNPATH_SEARCH_PATHS = (
					"$(inherited)",
					"@executable_path/Frameworks",
				);
				MARKETING_VERSION = 1.0;
				PRODUCT_BUNDLE_IDENTIFIER = "Vosik.Netflix-Clone";
				PRODUCT_NAME = "$(TARGET_NAME)";
				SWIFT_EMIT_LOC_STRINGS = YES;
				SWIFT_VERSION = 5.0;
				TARGETED_DEVICE_FAMILY = "1,2";
			};
			name = Release;
		};
/* End XCBuildConfiguration section */

/* Begin XCConfigurationList section */
		38E129962AC6FB6100885D9D /* Build configuration list for PBXProject "Netflix Clone" */ = {
			isa = XCConfigurationList;
			buildConfigurations = (
				38E129AD2AC6FB6200885D9D /* Debug */,
				38E129AE2AC6FB6200885D9D /* Release */,
			);
			defaultConfigurationIsVisible = 0;
			defaultConfigurationName = Release;
		};
		38E129AF2AC6FB6200885D9D /* Build configuration list for PBXNativeTarget "Netflix Clone" */ = {
			isa = XCConfigurationList;
			buildConfigurations = (
				38E129B02AC6FB6200885D9D /* Debug */,
				38E129B12AC6FB6200885D9D /* Release */,
			);
			defaultConfigurationIsVisible = 0;
			defaultConfigurationName = Release;
		};
/* End XCConfigurationList section */

/* Begin XCRemoteSwiftPackageReference section */
		380942562AC8D77800495B9A /* XCRemoteSwiftPackageReference "SDWebImage" */ = {
			isa = XCRemoteSwiftPackageReference;
			repositoryURL = "https://github.com/SDWebImage/SDWebImage.git";
			requirement = {
				kind = upToNextMajorVersion;
				minimumVersion = 5.0.0;
			};
		};
/* End XCRemoteSwiftPackageReference section */

/* Begin XCSwiftPackageProductDependency section */
		380942572AC8D77800495B9A /* SDWebImage */ = {
			isa = XCSwiftPackageProductDependency;
			package = 380942562AC8D77800495B9A /* XCRemoteSwiftPackageReference "SDWebImage" */;
			productName = SDWebImage;
		};
		380942592AC8D77800495B9A /* SDWebImageMapKit */ = {
			isa = XCSwiftPackageProductDependency;
			package = 380942562AC8D77800495B9A /* XCRemoteSwiftPackageReference "SDWebImage" */;
			productName = SDWebImageMapKit;
		};
/* End XCSwiftPackageProductDependency section */
	};
	rootObject = 38E129932AC6FB6100885D9D /* Project object */;
}
